
Microsoft Visual Studio Solution File, Format Version 12.00
# Visual Studio Express 2013 for Windows Desktop
VisualStudioVersion = 12.0.31101.0
MinimumVisualStudioVersion = 10.0.40219.1
Project("{8BC9CEB8-8B4A-11D0-8D11-00A0C91BC942}") = "EagleK3", "EagleK3\EagleK3.vcxproj", "{CB4B4C98-BECF-4B38-BA9A-1A3A83A8AA3D}"
EndProject
Project("{8BC9CEB8-8B4A-11D0-8D11-00A0C91BC942}") = "alTILib", "..\alTILib\alTILib.vcxproj", "{D1AB992F-5013-4982-BA77-80BC423FE812}"
EndProject
Project("{8BC9CEB8-8B4A-11D0-8D11-00A0C91BC942}") = "EagleK3_SW_Simulator", "EagleK3_SW_Simulator\EagleK3_SW_Simulator.vcxproj", "{02CFB986-377A-4CE6-88FA-A19E9B23E028}"
	ProjectSection(ProjectDependencies) = postProject
		{D1AB992F-5013-4982-BA77-80BC423FE812} = {D1AB992F-5013-4982-BA77-80BC423FE812}
		{CB4B4C98-BECF-4B38-BA9A-1A3A83A8AA3D} = {CB4B4C98-BECF-4B38-BA9A-1A3A83A8AA3D}
	EndProjectSection
EndProject
Global
	GlobalSection(SolutionConfigurationPlatforms) = preSolution
		Debug|Win32 = Debug|Win32
		Release|Win32 = Release|Win32
	EndGlobalSection
	GlobalSection(ProjectConfigurationPlatforms) = postSolution
		{CB4B4C98-BECF-4B38-BA9A-1A3A83A8AA3D}.Debug|Win32.ActiveCfg = Debug|Win32
		{CB4B4C98-BECF-4B38-BA9A-1A3A83A8AA3D}.Debug|Win32.Build.0 = Debug|Win32
		{CB4B4C98-BECF-4B38-BA9A-1A3A83A8AA3D}.Release|Win32.ActiveCfg = Release|Win32
		{CB4B4C98-BECF-4B38-BA9A-1A3A83A8AA3D}.Release|Win32.Build.0 = Release|Win32
		{D1AB992F-5013-4982-BA77-80BC423FE812}.Debug|Win32.ActiveCfg = Debug|Win32
		{D1AB992F-5013-4982-BA77-80BC423FE812}.Debug|Win32.Build.0 = Debug|Win32
		{D1AB992F-5013-4982-BA77-80BC423FE812}.Release|Win32.ActiveCfg = Release|Win32
		{D1AB992F-5013-4982-BA77-80BC423FE812}.Release|Win32.Build.0 = Release|Win32
		{02CFB986-377A-4CE6-88FA-A19E9B23E028}.Debug|Win32.ActiveCfg = Debug|Win32
		{02CFB986-377A-4CE6-88FA-A19E9B23E028}.Debug|Win32.Build.0 = Debug|Win32
		{02CFB986-377A-4CE6-88FA-A19E9B23E028}.Release|Win32.ActiveCfg = Release|Win32
		{02CFB986-377A-4CE6-88FA-A19E9B23E028}.Release|Win32.Build.0 = Release|Win32
	EndGlobalSection
	GlobalSection(SolutionProperties) = preSolution
		HideSolutionNode = FALSE
	EndGlobalSection
EndGlobal
