<?xml version="1.0" encoding="utf-8"?>
<Project ToolsVersion="4.0" xmlns="http://schemas.microsoft.com/developer/msbuild/2003">
  <ItemGroup>
    <Filter Include="Source Files">
      <UniqueIdentifier>{4FC737F1-C7A5-4376-A066-2A32D752A2FF}</UniqueIdentifier>
      <Extensions>cpp;c;cc;cxx;def;odl;idl;hpj;bat;asm;asmx</Extensions>
    </Filter>
    <Filter Include="Source Files\dsp">
      <UniqueIdentifier>{b42f5344-fe29-430a-9b34-d14d9d5ed7b0}</UniqueIdentifier>
    </Filter>
    <Filter Include="Source Files\imglib">
      <UniqueIdentifier>{bce48b8a-28a8-4ba9-9d4a-5f0ebeab6a7d}</UniqueIdentifier>
    </Filter>
    <Filter Include="Source Files\vlib">
      <UniqueIdentifier>{4ecea9a4-18c7-49a8-a9e0-cd5d47b5583c}</UniqueIdentifier>
    </Filter>
    <Filter Include="Source Files\iqmath">
      <UniqueIdentifier>{0e68ffe9-e4cc-4be0-b4ec-3fb97f767a64}</UniqueIdentifier>
    </Filter>
    <Filter Include="Source Files\dsplib">
      <UniqueIdentifier>{3a853552-97cf-4e61-b3bd-c5a1579d6446}</UniqueIdentifier>
    </Filter>
    <Filter Include="Source Files\c6xsim">
      <UniqueIdentifier>{9f853939-38cc-4510-91b3-c967fca7b87b}</UniqueIdentifier>
    </Filter>
    <Filter Include="Header Files">
      <UniqueIdentifier>{93995380-89BD-4b04-88EB-625FBE52EBFB}</UniqueIdentifier>
      <Extensions>h;hpp;hxx;hm;inl;inc;xsd</Extensions>
    </Filter>
    <Filter Include="Header Files\dsp">
      <UniqueIdentifier>{199c5575-1d81-4547-a620-b8675997c81c}</UniqueIdentifier>
    </Filter>
    <Filter Include="Header Files\imglib">
      <UniqueIdentifier>{151b5866-268c-4a23-83bf-1177d3150985}</UniqueIdentifier>
    </Filter>
    <Filter Include="Header Files\vlib">
      <UniqueIdentifier>{97606259-710b-4710-be21-10b5e8e3fcfe}</UniqueIdentifier>
    </Filter>
    <Filter Include="Header Files\iqmath">
      <UniqueIdentifier>{bae7e902-da5b-4c15-b5c1-4eb3f16654b5}</UniqueIdentifier>
    </Filter>
    <Filter Include="Header Files\dsplib">
      <UniqueIdentifier>{6e4c0876-6fee-4aa3-a0b8-deb16f4bb414}</UniqueIdentifier>
    </Filter>
    <Filter Include="Header Files\c6xsim">
      <UniqueIdentifier>{6bfee4d0-c245-4a03-ab45-54427dcbbad4}</UniqueIdentifier>
    </Filter>
    <Filter Include="Resource Files">
      <UniqueIdentifier>{67DA6AB6-F800-4c08-8B7A-83BB121AAD01}</UniqueIdentifier>
      <Extensions>rc;ico;cur;bmp;dlg;rc2;rct;bin;rgs;gif;jpg;jpeg;jpe;resx;tiff;tif;png;wav</Extensions>
    </Filter>
    <Filter Include="Obj Files">
      <UniqueIdentifier>{a434a912-0035-42bc-ab8f-2c8bde07648f}</UniqueIdentifier>
    </Filter>
    <Filter Include="Obj Files\iqmath">
      <UniqueIdentifier>{66be2cfe-59d6-48c3-b5d9-15e8b2410605}</UniqueIdentifier>
    </Filter>
    <Filter Include="Obj Files\vlib">
      <UniqueIdentifier>{fe353538-b602-4d3c-ae33-4e6d0cb82a44}</UniqueIdentifier>
    </Filter>
    <Filter Include="Obj Files\dsp">
      <UniqueIdentifier>{7ab723f8-c072-452c-8145-49e3c8977df2}</UniqueIdentifier>
    </Filter>
  </ItemGroup>
  <ItemGroup>
    <ClCompile Include="src\dat_copy.c">
      <Filter>Source Files\dsp</Filter>
    </ClCompile>
    <ClCompile Include="src\VisionMeIntrinsic.c">
      <Filter>Source Files\dsp</Filter>
    </ClCompile>
    <ClCompile Include="src\IMG_add_8.c">
      <Filter>Source Files\imglib</Filter>
    </ClCompile>
    <ClCompile Include="src\imglib\IMG_conv_3x3_i8_c16s_altek.c">
      <Filter>Source Files\imglib</Filter>
    </ClCompile>
    <ClCompile Include="src\imglib\IMG_conv_3x3_i8_c8_altek.c">
      <Filter>Source Files\imglib</Filter>
    </ClCompile>
    <ClCompile Include="src\imglib\IMG_conv_3x3_i8_c8_altek_cn.c">
      <Filter>Source Files\imglib</Filter>
    </ClCompile>
    <ClCompile Include="src\imglib\IMG_sobel_3x3_i8_c16_cn.c">
      <Filter>Source Files\imglib</Filter>
    </ClCompile>
    <ClCompile Include="src\VLIB_convertUYVYsemipl_to_YUVpl.c">
      <Filter>Source Files\vlib</Filter>
    </ClCompile>
    <ClCompile Include="src\VLIB_convertYUYVint_to_YUVpl.c">
      <Filter>Source Files\vlib</Filter>
    </ClCompile>
    <ClCompile Include="src\VLIB_convertYUYVpl_to_YUVint.c">
      <Filter>Source Files\vlib</Filter>
    </ClCompile>
    <ClCompile Include="src\VLIB_extractLumaFromYUYV.c">
      <Filter>Source Files\vlib</Filter>
    </ClCompile>
    <ClCompile Include="src\dsplib\DSPF_blk_eswap16_cn.c">
      <Filter>Source Files\dsplib</Filter>
    </ClCompile>
    <ClCompile Include="src\dsplib\DSPF_blk_eswap32_cn.c">
      <Filter>Source Files\dsplib</Filter>
    </ClCompile>
    <ClCompile Include="src\dsplib\DSPF_blk_eswap64_cn.c">
      <Filter>Source Files\dsplib</Filter>
    </ClCompile>
    <ClCompile Include="src\dsplib\DSPF_fltoq15_cn.c">
      <Filter>Source Files\dsplib</Filter>
    </ClCompile>
    <ClCompile Include="src\dsplib\DSPF_q15tofl_cn.c">
      <Filter>Source Files\dsplib</Filter>
    </ClCompile>
    <ClCompile Include="src\dsplib\DSPF_sp_autocor_cn.c">
      <Filter>Source Files\dsplib</Filter>
    </ClCompile>
    <ClCompile Include="src\dsplib\DSPF_sp_biquad_cn.c">
      <Filter>Source Files\dsplib</Filter>
    </ClCompile>
    <ClCompile Include="src\dsplib\DSPF_sp_bitrev_cplx_cn.c">
      <Filter>Source Files\dsplib</Filter>
    </ClCompile>
    <ClCompile Include="src\dsplib\DSPF_sp_blk_move_cn.c">
      <Filter>Source Files\dsplib</Filter>
    </ClCompile>
    <ClCompile Include="src\dsplib\DSPF_sp_cfftr2_dit_cn.c">
      <Filter>Source Files\dsplib</Filter>
    </ClCompile>
    <ClCompile Include="src\dsplib\DSPF_sp_cfftr4_dif_cn.c">
      <Filter>Source Files\dsplib</Filter>
    </ClCompile>
    <ClCompile Include="src\dsplib\DSPF_sp_convol_cn.c">
      <Filter>Source Files\dsplib</Filter>
    </ClCompile>
    <ClCompile Include="src\dsplib\DSPF_sp_dotp_cplx_cn.c">
      <Filter>Source Files\dsplib</Filter>
    </ClCompile>
    <ClCompile Include="src\dsplib\DSPF_sp_dotprod_cn.c">
      <Filter>Source Files\dsplib</Filter>
    </ClCompile>
    <ClCompile Include="src\dsplib\DSPF_sp_fftSPxSP_cn.c">
      <Filter>Source Files\dsplib</Filter>
    </ClCompile>
    <ClCompile Include="src\dsplib\DSPF_sp_fir_cplx_cn.c">
      <Filter>Source Files\dsplib</Filter>
    </ClCompile>
    <ClCompile Include="src\dsplib\DSPF_sp_fir_gen_cn.c">
      <Filter>Source Files\dsplib</Filter>
    </ClCompile>
    <ClCompile Include="src\dsplib\DSPF_sp_fir_r2_cn.c">
      <Filter>Source Files\dsplib</Filter>
    </ClCompile>
    <ClCompile Include="src\dsplib\DSPF_sp_fircirc_cn.c">
      <Filter>Source Files\dsplib</Filter>
    </ClCompile>
    <ClCompile Include="src\dsplib\DSPF_sp_icfftr2_dif_cn.c">
      <Filter>Source Files\dsplib</Filter>
    </ClCompile>
    <ClCompile Include="src\dsplib\DSPF_sp_ifftSPxSP_cn.c">
      <Filter>Source Files\dsplib</Filter>
    </ClCompile>
    <ClCompile Include="src\dsplib\DSPF_sp_iir_cn.c">
      <Filter>Source Files\dsplib</Filter>
    </ClCompile>
    <ClCompile Include="src\dsplib\DSPF_sp_iirlat_cn.c">
      <Filter>Source Files\dsplib</Filter>
    </ClCompile>
    <ClCompile Include="src\dsplib\DSPF_sp_lms_cn.c">
      <Filter>Source Files\dsplib</Filter>
    </ClCompile>
    <ClCompile Include="src\dsplib\DSPF_sp_mat_mul_cn.c">
      <Filter>Source Files\dsplib</Filter>
    </ClCompile>
    <ClCompile Include="src\dsplib\DSPF_sp_mat_mul_cplx_cn.c">
      <Filter>Source Files\dsplib</Filter>
    </ClCompile>
    <ClCompile Include="src\dsplib\DSPF_sp_mat_trans_cn.c">
      <Filter>Source Files\dsplib</Filter>
    </ClCompile>
    <ClCompile Include="src\dsplib\DSPF_sp_maxidx_cn.c">
      <Filter>Source Files\dsplib</Filter>
    </ClCompile>
    <ClCompile Include="src\dsplib\DSPF_sp_maxval_cn.c">
      <Filter>Source Files\dsplib</Filter>
    </ClCompile>
    <ClCompile Include="src\dsplib\DSPF_sp_minerr_cn.c">
      <Filter>Source Files\dsplib</Filter>
    </ClCompile>
    <ClCompile Include="src\dsplib\DSPF_sp_minval_cn.c">
      <Filter>Source Files\dsplib</Filter>
    </ClCompile>
    <ClCompile Include="src\dsplib\DSPF_sp_vecmul_cn.c">
      <Filter>Source Files\dsplib</Filter>
    </ClCompile>
    <ClCompile Include="src\dsplib\DSPF_sp_vecrecip_cn.c">
      <Filter>Source Files\dsplib</Filter>
    </ClCompile>
    <ClCompile Include="src\dsplib\DSPF_sp_vecsum_sq_cn.c">
      <Filter>Source Files\dsplib</Filter>
    </ClCompile>
    <ClCompile Include="src\dsplib\DSPF_sp_w_vec_cn.c">
      <Filter>Source Files\dsplib</Filter>
    </ClCompile>
    <ClCompile Include="src\dsplib\DSPF_util.c">
      <Filter>Source Files\dsplib</Filter>
    </ClCompile>
    <ClCompile Include="src\c6xsim\c66_ag_intrins.c">
      <Filter>Source Files\c6xsim</Filter>
    </ClCompile>
    <ClCompile Include="src\c6xsim\c66_data_sim.c">
      <Filter>Source Files\c6xsim</Filter>
    </ClCompile>
    <ClCompile Include="src\c6xsim\C6xSimulator.c">
      <Filter>Source Files\c6xsim</Filter>
    </ClCompile>
    <ClCompile Include="src\alTILibDef.c">
      <Filter>Source Files</Filter>
    </ClCompile>
  </ItemGroup>
  <ItemGroup>
    <ClInclude Include="include\alTILibDef.h">
      <Filter>Header Files</Filter>
    </ClInclude>
    <ClInclude Include="include\dat_copy.h">
      <Filter>Header Files\dsp</Filter>
    </ClInclude>
    <ClInclude Include="include\VisionMeIntrinsic.h">
      <Filter>Header Files\dsp</Filter>
    </ClInclude>
    <ClInclude Include="include\IMGLib.h">
      <Filter>Header Files\imglib</Filter>
    </ClInclude>
    <ClInclude Include="include\VLib.h">
      <Filter>Header Files\vlib</Filter>
    </ClInclude>
    <ClInclude Include="include\IQMathLib.h">
      <Filter>Header Files\iqmath</Filter>
    </ClInclude>
    <ClInclude Include="include\dsplib\DSPF_blk_eswap16_cn.h">
      <Filter>Header Files\dsplib</Filter>
    </ClInclude>
    <ClInclude Include="include\dsplib\DSPF_blk_eswap32_cn.h">
      <Filter>Header Files\dsplib</Filter>
    </ClInclude>
    <ClInclude Include="include\dsplib\DSPF_blk_eswap64_cn.h">
      <Filter>Header Files\dsplib</Filter>
    </ClInclude>
    <ClInclude Include="include\dsplib\DSPF_fltoq15_cn.h">
      <Filter>Header Files\dsplib</Filter>
    </ClInclude>
    <ClInclude Include="include\dsplib\DSPF_q15tofl_cn.h">
      <Filter>Header Files\dsplib</Filter>
    </ClInclude>
    <ClInclude Include="include\dsplib\DSPF_sp_autocor_cn.h">
      <Filter>Header Files\dsplib</Filter>
    </ClInclude>
    <ClInclude Include="include\dsplib\DSPF_sp_biquad_cn.h">
      <Filter>Header Files\dsplib</Filter>
    </ClInclude>
    <ClInclude Include="include\dsplib\DSPF_sp_bitrev_cplx_cn.h">
      <Filter>Header Files\dsplib</Filter>
    </ClInclude>
    <ClInclude Include="include\dsplib\DSPF_sp_blk_move_cn.h">
      <Filter>Header Files\dsplib</Filter>
    </ClInclude>
    <ClInclude Include="include\dsplib\DSPF_sp_cfftr2_dit_cn.h">
      <Filter>Header Files\dsplib</Filter>
    </ClInclude>
    <ClInclude Include="include\dsplib\DSPF_sp_cfftr4_dif_cn.h">
      <Filter>Header Files\dsplib</Filter>
    </ClInclude>
    <ClInclude Include="include\dsplib\DSPF_sp_convol_cn.h">
      <Filter>Header Files\dsplib</Filter>
    </ClInclude>
    <ClInclude Include="include\dsplib\DSPF_sp_dotp_cplx_cn.h">
      <Filter>Header Files\dsplib</Filter>
    </ClInclude>
    <ClInclude Include="include\dsplib\DSPF_sp_dotprod_cn.h">
      <Filter>Header Files\dsplib</Filter>
    </ClInclude>
    <ClInclude Include="include\dsplib\DSPF_sp_fftSPxSP_cn.h">
      <Filter>Header Files\dsplib</Filter>
    </ClInclude>
    <ClInclude Include="include\dsplib\DSPF_sp_fir_cplx_cn.h">
      <Filter>Header Files\dsplib</Filter>
    </ClInclude>
    <ClInclude Include="include\dsplib\DSPF_sp_fir_gen_cn.h">
      <Filter>Header Files\dsplib</Filter>
    </ClInclude>
    <ClInclude Include="include\dsplib\DSPF_sp_fir_r2_cn.h">
      <Filter>Header Files\dsplib</Filter>
    </ClInclude>
    <ClInclude Include="include\dsplib\DSPF_sp_fircirc_cn.h">
      <Filter>Header Files\dsplib</Filter>
    </ClInclude>
    <ClInclude Include="include\dsplib\DSPF_sp_icfftr2_dif_cn.h">
      <Filter>Header Files\dsplib</Filter>
    </ClInclude>
    <ClInclude Include="include\dsplib\DSPF_sp_ifftSPxSP_cn.h">
      <Filter>Header Files\dsplib</Filter>
    </ClInclude>
    <ClInclude Include="include\dsplib\DSPF_sp_iir_cn.h">
      <Filter>Header Files\dsplib</Filter>
    </ClInclude>
    <ClInclude Include="include\dsplib\DSPF_sp_iirlat_cn.h">
      <Filter>Header Files\dsplib</Filter>
    </ClInclude>
    <ClInclude Include="include\dsplib\DSPF_sp_lms_cn.h">
      <Filter>Header Files\dsplib</Filter>
    </ClInclude>
    <ClInclude Include="include\dsplib\DSPF_sp_mat_mul_cn.h">
      <Filter>Header Files\dsplib</Filter>
    </ClInclude>
    <ClInclude Include="include\dsplib\DSPF_sp_mat_mul_cplx_cn.h">
      <Filter>Header Files\dsplib</Filter>
    </ClInclude>
    <ClInclude Include="include\dsplib\DSPF_sp_mat_trans_cn.h">
      <Filter>Header Files\dsplib</Filter>
    </ClInclude>
    <ClInclude Include="include\dsplib\DSPF_sp_maxidx_cn.h">
      <Filter>Header Files\dsplib</Filter>
    </ClInclude>
    <ClInclude Include="include\dsplib\DSPF_sp_maxval_cn.h">
      <Filter>Header Files\dsplib</Filter>
    </ClInclude>
    <ClInclude Include="include\dsplib\DSPF_sp_minerr_cn.h">
      <Filter>Header Files\dsplib</Filter>
    </ClInclude>
    <ClInclude Include="include\dsplib\DSPF_sp_minval_cn.h">
      <Filter>Header Files\dsplib</Filter>
    </ClInclude>
    <ClInclude Include="include\dsplib\DSPF_sp_vecmul_cn.h">
      <Filter>Header Files\dsplib</Filter>
    </ClInclude>
    <ClInclude Include="include\dsplib\DSPF_sp_vecrecip_cn.h">
      <Filter>Header Files\dsplib</Filter>
    </ClInclude>
    <ClInclude Include="include\dsplib\DSPF_sp_vecsum_sq_cn.h">
      <Filter>Header Files\dsplib</Filter>
    </ClInclude>
    <ClInclude Include="include\dsplib\DSPF_sp_w_vec_cn.h">
      <Filter>Header Files\dsplib</Filter>
    </ClInclude>
    <ClInclude Include="include\dsplib\DSPF_util.h">
      <Filter>Header Files\dsplib</Filter>
    </ClInclude>
    <ClInclude Include="include\DSPLib.h">
      <Filter>Header Files\dsplib</Filter>
    </ClInclude>
    <ClInclude Include="include\c6xsim\_C6xSimulator_priv.h">
      <Filter>Header Files\c6xsim</Filter>
    </ClInclude>
    <ClInclude Include="include\c6xsim\c66_ag_intrins.h">
      <Filter>Header Files\c6xsim</Filter>
    </ClInclude>
    <ClInclude Include="include\c6xsim\c66_conversion_macros.h">
      <Filter>Header Files\c6xsim</Filter>
    </ClInclude>
    <ClInclude Include="include\c6xsim\c66_data_sim.h">
      <Filter>Header Files\c6xsim</Filter>
    </ClInclude>
    <ClInclude Include="include\c6xsim\C6xSimulator.h">
      <Filter>Header Files\c6xsim</Filter>
    </ClInclude>
    <ClInclude Include="include\c6xsim\C6xSimulator_base_types.h">
      <Filter>Header Files\c6xsim</Filter>
    </ClInclude>
    <ClInclude Include="include\c6xsim\C6xSimulator_type_modifiers.h">
      <Filter>Header Files\c6xsim</Filter>
    </ClInclude>
    <ClInclude Include="include\c6xsim\global.h">
      <Filter>Header Files\c6xsim</Filter>
    </ClInclude>
    <ClInclude Include="include\vlib\VLIB_prototypes.h">
      <Filter>Header Files\vlib</Filter>
    </ClInclude>
  </ItemGroup>
  <ItemGroup>
    <Object Include="obj\iqmath\atoIQN.obj">
      <Filter>Obj Files\iqmath</Filter>
    </Object>
    <Object Include="obj\iqmath\FtoIQ.obj">
      <Filter>Obj Files\iqmath</Filter>
    </Object>
    <Object Include="obj\iqmath\IQmathTables.obj">
      <Filter>Obj Files\iqmath</Filter>
    </Object>
    <Object Include="obj\iqmath\IQNabs.obj">
      <Filter>Obj Files\iqmath</Filter>
    </Object>
    <Object Include="obj\iqmath\IQNacos.obj">
      <Filter>Obj Files\iqmath</Filter>
    </Object>
    <Object Include="obj\iqmath\IQNasin.obj">
      <Filter>Obj Files\iqmath</Filter>
    </Object>
    <Object Include="obj\iqmath\IQNatan2.obj">
      <Filter>Obj Files\iqmath</Filter>
    </Object>
    <Object Include="obj\iqmath\IQNatan2PU.obj">
      <Filter>Obj Files\iqmath</Filter>
    </Object>
    <Object Include="obj\iqmath\IQNcos.obj">
      <Filter>Obj Files\iqmath</Filter>
    </Object>
    <Object Include="obj\iqmath\IQNcosPU.obj">
      <Filter>Obj Files\iqmath</Filter>
    </Object>
    <Object Include="obj\iqmath\IQNdiv.obj">
      <Filter>Obj Files\iqmath</Filter>
    </Object>
    <Object Include="obj\iqmath\IQNexp.obj">
      <Filter>Obj Files\iqmath</Filter>
    </Object>
    <Object Include="obj\iqmath\IQNfrac.obj">
      <Filter>Obj Files\iqmath</Filter>
    </Object>
    <Object Include="obj\iqmath\IQNint.obj">
      <Filter>Obj Files\iqmath</Filter>
    </Object>
    <Object Include="obj\iqmath\IQNisqrt.obj">
      <Filter>Obj Files\iqmath</Filter>
    </Object>
    <Object Include="obj\iqmath\IQNlog.obj">
      <Filter>Obj Files\iqmath</Filter>
    </Object>
    <Object Include="obj\iqmath\IQNmag.obj">
      <Filter>Obj Files\iqmath</Filter>
    </Object>
    <Object Include="obj\iqmath\IQNmpy.obj">
      <Filter>Obj Files\iqmath</Filter>
    </Object>
    <Object Include="obj\iqmath\IQNmpyI32frac.obj">
      <Filter>Obj Files\iqmath</Filter>
    </Object>
    <Object Include="obj\iqmath\IQNmpyI32int.obj">
      <Filter>Obj Files\iqmath</Filter>
    </Object>
    <Object Include="obj\iqmath\IQNmpyIQx.obj">
      <Filter>Obj Files\iqmath</Filter>
    </Object>
    <Object Include="obj\iqmath\IQNpow.obj">
      <Filter>Obj Files\iqmath</Filter>
    </Object>
    <Object Include="obj\iqmath\IQNrmpy.obj">
      <Filter>Obj Files\iqmath</Filter>
    </Object>
    <Object Include="obj\iqmath\IQNrsmpy.obj">
      <Filter>Obj Files\iqmath</Filter>
    </Object>
    <Object Include="obj\iqmath\IQNsat.obj">
      <Filter>Obj Files\iqmath</Filter>
    </Object>
    <Object Include="obj\iqmath\IQNsin.obj">
      <Filter>Obj Files\iqmath</Filter>
    </Object>
    <Object Include="obj\iqmath\IQNsinPU.obj">
      <Filter>Obj Files\iqmath</Filter>
    </Object>
    <Object Include="obj\iqmath\IQNsqrt.obj">
      <Filter>Obj Files\iqmath</Filter>
    </Object>
    <Object Include="obj\iqmath\IQNtoF.obj">
      <Filter>Obj Files\iqmath</Filter>
    </Object>
    <Object Include="obj\vlib\vlib_bhattacharyadistance_u32_i.obj">
      <Filter>Obj Files\vlib</Filter>
    </Object>
    <Object Include="obj\vlib\vlib_convertuyvyint_to_hslpl_i.obj">
      <Filter>Obj Files\vlib</Filter>
    </Object>
    <Object Include="obj\vlib\vlib_convertuyvyint_to_labpl_i.obj">
      <Filter>Obj Files\vlib</Filter>
    </Object>
    <Object Include="obj\vlib\VLIB_convertUYVYint_to_LABpl_LUT_c.obj">
      <Filter>Obj Files\vlib</Filter>
    </Object>
    <Object Include="obj\vlib\vlib_convertuyvyint_to_rgbpl_i.obj">
      <Filter>Obj Files\vlib</Filter>
    </Object>
    <Object Include="obj\vlib\vlib_convertuyvyint_to_yuv420pl.obj">
      <Filter>Obj Files\vlib</Filter>
    </Object>
    <Object Include="obj\vlib\vlib_convertuyvyint_to_yuvpl_i.obj">
      <Filter>Obj Files\vlib</Filter>
    </Object>
    <Object Include="obj\vlib\VLIB_convertUYVYpl_to_YUVint_c.obj">
      <Filter>Obj Files\vlib</Filter>
    </Object>
    <Object Include="obj\vlib\VLIB_convertUYVYsemipl_to_YUVpl_c.obj">
      <Filter>Obj Files\vlib</Filter>
    </Object>
    <Object Include="obj\vlib\vlib_createcclist_i.obj">
      <Filter>Obj Files\vlib</Filter>
    </Object>
    <Object Include="obj\vlib\vlib_createccmap8bit_i.obj">
      <Filter>Obj Files\vlib</Filter>
    </Object>
    <Object Include="obj\vlib\vlib_dilate_bin_cross_i.obj">
      <Filter>Obj Files\vlib</Filter>
    </Object>
    <Object Include="obj\vlib\vlib_dilate_bin_mask_i.obj">
      <Filter>Obj Files\vlib</Filter>
    </Object>
    <Object Include="obj\vlib\vlib_dilate_bin_square_i.obj">
      <Filter>Obj Files\vlib</Filter>
    </Object>
    <Object Include="obj\vlib\VLIB_disparity_SAD16.obj">
      <Filter>Obj Files\vlib</Filter>
    </Object>
    <Object Include="obj\vlib\VLIB_disparity_SAD8.obj">
      <Filter>Obj Files\vlib</Filter>
    </Object>
    <Object Include="obj\vlib\VLIB_disparity_SAD_firstRow16.obj">
      <Filter>Obj Files\vlib</Filter>
    </Object>
    <Object Include="obj\vlib\VLIB_disparity_SAD_firstRow8.obj">
      <Filter>Obj Files\vlib</Filter>
    </Object>
    <Object Include="obj\vlib\vlib_doublethresholding_i.obj">
      <Filter>Obj Files\vlib</Filter>
    </Object>
    <Object Include="obj\vlib\vlib_edgerelaxation_i.obj">
      <Filter>Obj Files\vlib</Filter>
    </Object>
    <Object Include="obj\vlib\vlib_erode_bin_cross_i.obj">
      <Filter>Obj Files\vlib</Filter>
    </Object>
    <Object Include="obj\vlib\vlib_erode_bin_mask_i.obj">
      <Filter>Obj Files\vlib</Filter>
    </Object>
    <Object Include="obj\vlib\VLIB_erode_bin_singlePixel_c.obj">
      <Filter>Obj Files\vlib</Filter>
    </Object>
    <Object Include="obj\vlib\vlib_erode_bin_square_i.obj">
      <Filter>Obj Files\vlib</Filter>
    </Object>
    <Object Include="obj\vlib\vlib_extract8bitbackgrounds16_i.obj">
      <Filter>Obj Files\vlib</Filter>
    </Object>
    <Object Include="obj\vlib\vlib_extractlumafromuyuv_i.obj">
      <Filter>Obj Files\vlib</Filter>
    </Object>
    <Object Include="obj\vlib\vlib_gauss5x5pyramidkernel_16_i.obj">
      <Filter>Obj Files\vlib</Filter>
    </Object>
    <Object Include="obj\vlib\vlib_gauss5x5pyramidkernel_8_i.obj">
      <Filter>Obj Files\vlib</Filter>
    </Object>
    <Object Include="obj\vlib\vlib_gradient5x5pyramidkernel_8_i.obj">
      <Filter>Obj Files\vlib</Filter>
    </Object>
    <Object Include="obj\vlib\vlib_harrisscore_7x7_i.obj">
      <Filter>Obj Files\vlib</Filter>
    </Object>
    <Object Include="obj\vlib\vlib_histogram_1d_init_u16_i.obj">
      <Filter>Obj Files\vlib</Filter>
    </Object>
    <Object Include="obj\vlib\vlib_histogram_1d_init_u8_i.obj">
      <Filter>Obj Files\vlib</Filter>
    </Object>
    <Object Include="obj\vlib\vlib_histogram_1d_u16_i.obj">
      <Filter>Obj Files\vlib</Filter>
    </Object>
    <Object Include="obj\vlib\vlib_histogram_1d_u8_i.obj">
      <Filter>Obj Files\vlib</Filter>
    </Object>
    <Object Include="obj\vlib\vlib_histogram_nd_u16_i.obj">
      <Filter>Obj Files\vlib</Filter>
    </Object>
    <Object Include="obj\vlib\vlib_houghlinefromlist_c.obj">
      <Filter>Obj Files\vlib</Filter>
    </Object>
    <Object Include="obj\vlib\vlib_houghlinefromlist_i.obj">
      <Filter>Obj Files\vlib</Filter>
    </Object>
    <Object Include="obj\vlib\vlib_imagepyramid16_i.obj">
      <Filter>Obj Files\vlib</Filter>
    </Object>
    <Object Include="obj\vlib\vlib_imagepyramid8_i.obj">
      <Filter>Obj Files\vlib</Filter>
    </Object>
    <Object Include="obj\vlib\vlib_initmeanwithlumas16_i.obj">
      <Filter>Obj Files\vlib</Filter>
    </Object>
    <Object Include="obj\vlib\vlib_initmeanwithlumas32_i.obj">
      <Filter>Obj Files\vlib</Filter>
    </Object>
    <Object Include="obj\vlib\vlib_initvarwithconsts16_i.obj">
      <Filter>Obj Files\vlib</Filter>
    </Object>
    <Object Include="obj\vlib\vlib_initvarwithconsts32_i.obj">
      <Filter>Obj Files\vlib</Filter>
    </Object>
    <Object Include="obj\vlib\vlib_integralimage16_i.obj">
      <Filter>Obj Files\vlib</Filter>
    </Object>
    <Object Include="obj\vlib\vlib_integralimage8_i.obj">
      <Filter>Obj Files\vlib</Filter>
    </Object>
    <Object Include="obj\vlib\vlib_kalmanfilter_2x4_correct_i.obj">
      <Filter>Obj Files\vlib</Filter>
    </Object>
    <Object Include="obj\vlib\vlib_kalmanfilter_2x4_predict_i.obj">
      <Filter>Obj Files\vlib</Filter>
    </Object>
    <Object Include="obj\vlib\vlib_kalmanfilter_4x6_correct_i.obj">
      <Filter>Obj Files\vlib</Filter>
    </Object>
    <Object Include="obj\vlib\vlib_kalmanfilter_4x6_predict_i.obj">
      <Filter>Obj Files\vlib</Filter>
    </Object>
    <Object Include="obj\vlib\vlib_l1distances16_i.obj">
      <Filter>Obj Files\vlib</Filter>
    </Object>
    <Object Include="obj\vlib\vlib_legendremoments_i.obj">
      <Filter>Obj Files\vlib</Filter>
    </Object>
    <Object Include="obj\vlib\vlib_legendremoments_init_i.obj">
      <Filter>Obj Files\vlib</Filter>
    </Object>
    <Object Include="obj\vlib\vlib_managememory.obj">
      <Filter>Obj Files\vlib</Filter>
    </Object>
    <Object Include="obj\vlib\vlib_mask2rle.obj">
      <Filter>Obj Files\vlib</Filter>
    </Object>
    <Object Include="obj\vlib\vlib_mixtureofgaussianss16_i.obj">
      <Filter>Obj Files\vlib</Filter>
    </Object>
    <Object Include="obj\vlib\vlib_mixtureofgaussianss32_i.obj">
      <Filter>Obj Files\vlib</Filter>
    </Object>
    <Object Include="obj\vlib\vlib_mog_1ch_replaceweakestcomponent_16_i.obj">
      <Filter>Obj Files\vlib</Filter>
    </Object>
    <Object Include="obj\vlib\vlib_mog_1ch_replaceweakestcomponent_32_i.obj">
      <Filter>Obj Files\vlib</Filter>
    </Object>
    <Object Include="obj\vlib\vlib_mog_1ch_sortcomponents_16_i.obj">
      <Filter>Obj Files\vlib</Filter>
    </Object>
    <Object Include="obj\vlib\vlib_mog_1ch_sortcomponents_32_i.obj">
      <Filter>Obj Files\vlib</Filter>
    </Object>
    <Object Include="obj\vlib\vlib_mog_1ch_thresholdimage_16_i.obj">
      <Filter>Obj Files\vlib</Filter>
    </Object>
    <Object Include="obj\vlib\vlib_mog_1ch_thresholdimage_32_i.obj">
      <Filter>Obj Files\vlib</Filter>
    </Object>
    <Object Include="obj\vlib\vlib_mog_1ch_updatecomponents_16_i.obj">
      <Filter>Obj Files\vlib</Filter>
    </Object>
    <Object Include="obj\vlib\vlib_mog_1ch_updatecomponents_32_i.obj">
      <Filter>Obj Files\vlib</Filter>
    </Object>
    <Object Include="obj\vlib\vlib_nonmaximumsuppressioncanny_i.obj">
      <Filter>Obj Files\vlib</Filter>
    </Object>
    <Object Include="obj\vlib\vlib_nonmaxsuppress_3x3_s16_i.obj">
      <Filter>Obj Files\vlib</Filter>
    </Object>
    <Object Include="obj\vlib\vlib_nonmaxsuppress_5x5_s16_i.obj">
      <Filter>Obj Files\vlib</Filter>
    </Object>
    <Object Include="obj\vlib\vlib_nonmaxsuppress_7x7_s16_i.obj">
      <Filter>Obj Files\vlib</Filter>
    </Object>
    <Object Include="obj\vlib\vlib_normalflow_i.obj">
      <Filter>Obj Files\vlib</Filter>
    </Object>
    <Object Include="obj\vlib\vlib_packmask32_i.obj">
      <Filter>Obj Files\vlib</Filter>
    </Object>
    <Object Include="obj\vlib\vlib_recursivefilterhoriz1storder_i.obj">
      <Filter>Obj Files\vlib</Filter>
    </Object>
    <Object Include="obj\vlib\vlib_recursivefilterhoriz1storders16_i.obj">
      <Filter>Obj Files\vlib</Filter>
    </Object>
    <Object Include="obj\vlib\vlib_recursivefiltervert1storder_i.obj">
      <Filter>Obj Files\vlib</Filter>
    </Object>
    <Object Include="obj\vlib\vlib_recursivefiltervert1storders16_i.obj">
      <Filter>Obj Files\vlib</Filter>
    </Object>
    <Object Include="obj\vlib\vlib_simplex_3d_i.obj">
      <Filter>Obj Files\vlib</Filter>
    </Object>
    <Object Include="obj\vlib\vlib_simplex_i.obj">
      <Filter>Obj Files\vlib</Filter>
    </Object>
    <Object Include="obj\vlib\vlib_subtractbackgrounds16_i.obj">
      <Filter>Obj Files\vlib</Filter>
    </Object>
    <Object Include="obj\vlib\vlib_subtractbackgrounds32_i.obj">
      <Filter>Obj Files\vlib</Filter>
    </Object>
    <Object Include="obj\vlib\vlib_testutils.obj">
      <Filter>Obj Files\vlib</Filter>
    </Object>
    <Object Include="obj\vlib\vlib_trackfeatureslucaskanade_7x7_i.obj">
      <Filter>Obj Files\vlib</Filter>
    </Object>
    <Object Include="obj\vlib\vlib_unpackmask32_i.obj">
      <Filter>Obj Files\vlib</Filter>
    </Object>
    <Object Include="obj\vlib\vlib_updateewrmeans16_i.obj">
      <Filter>Obj Files\vlib</Filter>
    </Object>
    <Object Include="obj\vlib\vlib_updateewrmeans32_i.obj">
      <Filter>Obj Files\vlib</Filter>
    </Object>
    <Object Include="obj\vlib\vlib_updateewrvariances16_i.obj">
      <Filter>Obj Files\vlib</Filter>
    </Object>
    <Object Include="obj\vlib\vlib_updateewrvariances32_i.obj">
      <Filter>Obj Files\vlib</Filter>
    </Object>
    <Object Include="obj\vlib\vlib_updateuwrmeans16_i.obj">
      <Filter>Obj Files\vlib</Filter>
    </Object>
    <Object Include="obj\vlib\vlib_updateuwrvariances16_i.obj">
      <Filter>Obj Files\vlib</Filter>
    </Object>
    <Object Include="obj\vlib\vlib_utility.obj">
      <Filter>Obj Files\vlib</Filter>
    </Object>
    <Object Include="obj\vlib\vlib_weightedhistogram_1d_u16_c.obj">
      <Filter>Obj Files\vlib</Filter>
    </Object>
    <Object Include="obj\vlib\vlib_weightedhistogram_1d_u16_i.obj">
      <Filter>Obj Files\vlib</Filter>
    </Object>
    <Object Include="obj\vlib\vlib_weightedhistogram_1d_u8_i.obj">
      <Filter>Obj Files\vlib</Filter>
    </Object>
    <Object Include="obj\vlib\vlib_weightedhistogram_nd_u16_i.obj">
      <Filter>Obj Files\vlib</Filter>
    </Object>
    <Object Include="obj\vlib\vlib_xygradientsandmagnitude_i.obj">
      <Filter>Obj Files\vlib</Filter>
    </Object>
    <Object Include="obj\vlib\vlib_xygradientsandmagnitude_iold.obj">
      <Filter>Obj Files\vlib</Filter>
    </Object>
    <Object Include="obj\dsp\avm_rlerow.obj">
      <Filter>Obj Files\dsp</Filter>
    </Object>
    <Object Include="obj\dsp\avmblob.obj">
      <Filter>Obj Files\dsp</Filter>
    </Object>
    <Object Include="obj\dsp\avmframe.obj">
      <Filter>Obj Files\dsp</Filter>
    </Object>
    <Object Include="obj\dsp\avminterval.obj">
      <Filter>Obj Files\dsp</Filter>
    </Object>
    <Object Include="obj\dsp\avmintervalimage.obj">
      <Filter>Obj Files\dsp</Filter>
    </Object>
    <Object Include="obj\dsp\avmobject.obj">
      <Filter>Obj Files\dsp</Filter>
    </Object>
    <Object Include="obj\dsp\avmtypes.obj">
      <Filter>Obj Files\dsp</Filter>
    </Object>
    <Object Include="obj\dsp\bitrev.obj">
      <Filter>Obj Files\dsp</Filter>
    </Object>
    <Object Include="obj\dsp\matrixinverse_4x4.obj">
      <Filter>Obj Files\dsp</Filter>
    </Object>
    <Object Include="obj\dsp\nclist.obj">
      <Filter>Obj Files\dsp</Filter>
    </Object>
  </ItemGroup>
  <ItemGroup>
    <Text Include="ReadMe.txt" />
  </ItemGroup>
</Project>